
Microsoft Visual Studio Solution File, Format Version 12.00
# Visual Studio Version 17
VisualStudioVersion = 17.5.002.0
MinimumVisualStudioVersion = 10.0.40219.1
Project("{9A19103F-16F7-4668-BE54-9A1E7A4F7556}") = "keepr", "keepr\keepr.csproj", "{CF86159F-CE66-4B4D-B10A-8B8E9E73A8F8}"
EndProject
Global
	GlobalSection(SolutionConfigurationPlatforms) = preSolution
		Debug|Any CPU = Debug|Any CPU
		Release|Any CPU = Release|Any CPU
	EndGlobalSection
	GlobalSection(ProjectConfigurationPlatforms) = postSolution
		{CF86159F-CE66-4B4D-B10A-8B8E9E73A8F8}.Debug|Any CPU.ActiveCfg = Debug|Any CPU
		{CF86159F-CE66-4B4D-B10A-8B8E9E73A8F8}.Debug|Any CPU.Build.0 = Debug|Any CPU
		{CF86159F-CE66-4B4D-B10A-8B8E9E73A8F8}.Release|Any CPU.ActiveCfg = Release|Any CPU
		{CF86159F-CE66-4B4D-B10A-8B8E9E73A8F8}.Release|Any CPU.Build.0 = Release|Any CPU
	EndGlobalSection
	GlobalSection(SolutionProperties) = preSolution
		HideSolutionNode = FALSE
	EndGlobalSection
	GlobalSection(ExtensibilityGlobals) = postSolution
		SolutionGuid = {62978AAE-2C74-4126-8F6B-1AF9B1C5E4D2}
	EndGlobalSection
EndGlobal
